
Microsoft Visual Studio Solution File, Format Version 12.00
# Visual Studio 2012
Project("{FAE04EC0-301F-11D3-BF4B-00C04F79EFBC}") = "HelloWorldM2MWithLinks", "HelloWorldM2M\HelloWorldM2MWithLinks.csproj", "{05D9368F-10DB-4AFB-9602-634EF8B6204E}"
EndProject
Project("{FAE04EC0-301F-11D3-BF4B-00C04F79EFBC}") = "M2MApi", "M2MApi\M2MApi.csproj", "{9013B544-E11E-4840-B53D-6738AF3AC577}"
EndProject
Global
	GlobalSection(SolutionConfigurationPlatforms) = preSolution
		Debug|Any CPU = Debug|Any CPU
		Release|Any CPU = Release|Any CPU
	EndGlobalSection
	GlobalSection(ProjectConfigurationPlatforms) = postSolution
		{05D9368F-10DB-4AFB-9602-634EF8B6204E}.Debug|Any CPU.ActiveCfg = Debug|Any CPU
		{05D9368F-10DB-4AFB-9602-634EF8B6204E}.Debug|Any CPU.Build.0 = Debug|Any CPU
		{05D9368F-10DB-4AFB-9602-634EF8B6204E}.Release|Any CPU.ActiveCfg = Release|Any CPU
		{05D9368F-10DB-4AFB-9602-634EF8B6204E}.Release|Any CPU.Build.0 = Release|Any CPU
		{9013B544-E11E-4840-B53D-6738AF3AC577}.Debug|Any CPU.ActiveCfg = Debug|Any CPU
		{9013B544-E11E-4840-B53D-6738AF3AC577}.Debug|Any CPU.Build.0 = Debug|Any CPU
		{9013B544-E11E-4840-B53D-6738AF3AC577}.Release|Any CPU.ActiveCfg = Release|Any CPU
		{9013B544-E11E-4840-B53D-6738AF3AC577}.Release|Any CPU.Build.0 = Release|Any CPU
	EndGlobalSection
	GlobalSection(SolutionProperties) = preSolution
		HideSolutionNode = FALSE
	EndGlobalSection
EndGlobal
